{
  "lockfileVersion": 1,
  "configVersion": 1,
  "workspaces": {
    "": {
      "dependencies": {
        "@opencode-ai/plugin": "1.3.13",
      },
    },
  },
  "packages": {
    "@opencode-ai/plugin": ["@opencode-ai/plugin@1.3.13", "", { "dependencies": { "@opencode-ai/sdk": "1.3.13", "zod": "4.1.8" }, "peerDependencies": { "@opentui/core": ">=0.1.95", "@opentui/solid": ">=0.1.95" }, "optionalPeers": ["@opentui/core", "@opentui/solid"] }, "sha512-zHgtWfdDz8Wu8srE8f8HUtPT9i6c3jTmgQKoFZUZ+RR5CMQF1kAlb1cxeEe9Xm2DRNFVJog9Cv/G1iUHYgXSUQ=="],

    "@opencode-ai/sdk": ["@opencode-ai/sdk@1.3.13", "", {}, "sha512-/M6HlNnba+xf1EId6qFb2tG0cvq0db3PCQDug1glrf8wYOU57LYNF8WvHX9zoDKPTMv0F+O4pcP/8J+WvDaxHA=="],

    "zod": ["zod@4.1.8", "", {}, "sha512-5R1P+WwQqmmMIEACyzSvo4JXHY5WiAFHRMg+zBZKgKS+Q1viRa0C1hmUKtHltoIFKtIdki3pRxkmpP74jnNYHQ=="],
  }
}
